
Microsoft Visual Studio Solution File, Format Version 12.00
# Visual Studio 15
VisualStudioVersion = 15.0.27004.2005
MinimumVisualStudioVersion = 10.0.40219.1
Project("{8BC9CEB8-8B4A-11D0-8D11-00A0C91BC942}") = "PPPOE_Dial", "PPPOE_Dial\PPPOE_Dial.vcxproj", "{8E3E104E-D193-4269-B92B-00BBF144A204}"
EndProject
Project("{8BC9CEB8-8B4A-11D0-8D11-00A0C91BC942}") = "ModifyDNSServers", "ModifyDNSServers\ModifyDNSServers.vcxproj", "{3D035AC4-C5C7-46A3-8FFF-24C2E68E5AE5}"
EndProject
Project("{8BC9CEB8-8B4A-11D0-8D11-00A0C91BC942}") = "ShareApi", "ShareApi\ShareApi.vcxproj", "{1D98B040-D401-49B7-92D9-0AD8088FE462}"
EndProject
Project("{8BC9CEB8-8B4A-11D0-8D11-00A0C91BC942}") = "Proxy", "Proxy\Proxy.vcxproj", "{E0877044-2113-40E9-B3C0-6456B4A43731}"
EndProject
Project("{8BC9CEB8-8B4A-11D0-8D11-00A0C91BC942}") = "CurlClient", "CurlClient\CurlClient.vcxproj", "{41C57A81-B3F6-4B97-9C5D-7E40A0DEB9F3}"
EndProject
Project("{8BC9CEB8-8B4A-11D0-8D11-00A0C91BC942}") = "OperatingCommand", "OperatingCommand\OperatingCommand.vcxproj", "{87DD399C-7A06-48E8-8E3B-632821EDD9DF}"
EndProject
Project("{8BC9CEB8-8B4A-11D0-8D11-00A0C91BC942}") = "SockioClient", "SockioClient\SockioClient.vcxproj", "{8D0F33BF-2DFE-4D29-9784-E208628EBEAD}"
EndProject
Project("{8BC9CEB8-8B4A-11D0-8D11-00A0C91BC942}") = "RegistryOperation", "RegistryOperation\RegistryOperation.vcxproj", "{E2A7FD30-AB0F-4CFF-9318-615698EF951C}"
EndProject
Global
	GlobalSection(SolutionConfigurationPlatforms) = preSolution
		Debug|x64 = Debug|x64
		Debug|x86 = Debug|x86
		Release|x64 = Release|x64
		Release|x86 = Release|x86
	EndGlobalSection
	GlobalSection(ProjectConfigurationPlatforms) = postSolution
		{8E3E104E-D193-4269-B92B-00BBF144A204}.Debug|x64.ActiveCfg = Debug|x64
		{8E3E104E-D193-4269-B92B-00BBF144A204}.Debug|x64.Build.0 = Debug|x64
		{8E3E104E-D193-4269-B92B-00BBF144A204}.Debug|x86.ActiveCfg = Debug|Win32
		{8E3E104E-D193-4269-B92B-00BBF144A204}.Debug|x86.Build.0 = Debug|Win32
		{8E3E104E-D193-4269-B92B-00BBF144A204}.Release|x64.ActiveCfg = Release|x64
		{8E3E104E-D193-4269-B92B-00BBF144A204}.Release|x64.Build.0 = Release|x64
		{8E3E104E-D193-4269-B92B-00BBF144A204}.Release|x86.ActiveCfg = Release|Win32
		{8E3E104E-D193-4269-B92B-00BBF144A204}.Release|x86.Build.0 = Release|Win32
		{3D035AC4-C5C7-46A3-8FFF-24C2E68E5AE5}.Debug|x64.ActiveCfg = Debug|x64
		{3D035AC4-C5C7-46A3-8FFF-24C2E68E5AE5}.Debug|x64.Build.0 = Debug|x64
		{3D035AC4-C5C7-46A3-8FFF-24C2E68E5AE5}.Debug|x86.ActiveCfg = Debug|Win32
		{3D035AC4-C5C7-46A3-8FFF-24C2E68E5AE5}.Debug|x86.Build.0 = Debug|Win32
		{3D035AC4-C5C7-46A3-8FFF-24C2E68E5AE5}.Release|x64.ActiveCfg = Release|x64
		{3D035AC4-C5C7-46A3-8FFF-24C2E68E5AE5}.Release|x64.Build.0 = Release|x64
		{3D035AC4-C5C7-46A3-8FFF-24C2E68E5AE5}.Release|x86.ActiveCfg = Release|Win32
		{3D035AC4-C5C7-46A3-8FFF-24C2E68E5AE5}.Release|x86.Build.0 = Release|Win32
		{1D98B040-D401-49B7-92D9-0AD8088FE462}.Debug|x64.ActiveCfg = Debug|x64
		{1D98B040-D401-49B7-92D9-0AD8088FE462}.Debug|x64.Build.0 = Debug|x64
		{1D98B040-D401-49B7-92D9-0AD8088FE462}.Debug|x86.ActiveCfg = Debug|Win32
		{1D98B040-D401-49B7-92D9-0AD8088FE462}.Debug|x86.Build.0 = Debug|Win32
		{1D98B040-D401-49B7-92D9-0AD8088FE462}.Release|x64.ActiveCfg = Release|x64
		{1D98B040-D401-49B7-92D9-0AD8088FE462}.Release|x64.Build.0 = Release|x64
		{1D98B040-D401-49B7-92D9-0AD8088FE462}.Release|x86.ActiveCfg = Release|Win32
		{1D98B040-D401-49B7-92D9-0AD8088FE462}.Release|x86.Build.0 = Release|Win32
		{E0877044-2113-40E9-B3C0-6456B4A43731}.Debug|x64.ActiveCfg = Debug|x64
		{E0877044-2113-40E9-B3C0-6456B4A43731}.Debug|x64.Build.0 = Debug|x64
		{E0877044-2113-40E9-B3C0-6456B4A43731}.Debug|x86.ActiveCfg = Debug|Win32
		{E0877044-2113-40E9-B3C0-6456B4A43731}.Debug|x86.Build.0 = Debug|Win32
		{E0877044-2113-40E9-B3C0-6456B4A43731}.Release|x64.ActiveCfg = Release|x64
		{E0877044-2113-40E9-B3C0-6456B4A43731}.Release|x64.Build.0 = Release|x64
		{E0877044-2113-40E9-B3C0-6456B4A43731}.Release|x86.ActiveCfg = Release|Win32
		{E0877044-2113-40E9-B3C0-6456B4A43731}.Release|x86.Build.0 = Release|Win32
		{41C57A81-B3F6-4B97-9C5D-7E40A0DEB9F3}.Debug|x64.ActiveCfg = Debug|x64
		{41C57A81-B3F6-4B97-9C5D-7E40A0DEB9F3}.Debug|x64.Build.0 = Debug|x64
		{41C57A81-B3F6-4B97-9C5D-7E40A0DEB9F3}.Debug|x86.ActiveCfg = Debug|Win32
		{41C57A81-B3F6-4B97-9C5D-7E40A0DEB9F3}.Debug|x86.Build.0 = Debug|Win32
		{41C57A81-B3F6-4B97-9C5D-7E40A0DEB9F3}.Release|x64.ActiveCfg = Release|x64
		{41C57A81-B3F6-4B97-9C5D-7E40A0DEB9F3}.Release|x64.Build.0 = Release|x64
		{41C57A81-B3F6-4B97-9C5D-7E40A0DEB9F3}.Release|x86.ActiveCfg = Release|Win32
		{41C57A81-B3F6-4B97-9C5D-7E40A0DEB9F3}.Release|x86.Build.0 = Release|Win32
		{87DD399C-7A06-48E8-8E3B-632821EDD9DF}.Debug|x64.ActiveCfg = Debug|x64
		{87DD399C-7A06-48E8-8E3B-632821EDD9DF}.Debug|x64.Build.0 = Debug|x64
		{87DD399C-7A06-48E8-8E3B-632821EDD9DF}.Debug|x86.ActiveCfg = Debug|Win32
		{87DD399C-7A06-48E8-8E3B-632821EDD9DF}.Debug|x86.Build.0 = Debug|Win32
		{87DD399C-7A06-48E8-8E3B-632821EDD9DF}.Release|x64.ActiveCfg = Release|x64
		{87DD399C-7A06-48E8-8E3B-632821EDD9DF}.Release|x64.Build.0 = Release|x64
		{87DD399C-7A06-48E8-8E3B-632821EDD9DF}.Release|x86.ActiveCfg = Release|Win32
		{87DD399C-7A06-48E8-8E3B-632821EDD9DF}.Release|x86.Build.0 = Release|Win32
		{8D0F33BF-2DFE-4D29-9784-E208628EBEAD}.Debug|x64.ActiveCfg = Debug|x64
		{8D0F33BF-2DFE-4D29-9784-E208628EBEAD}.Debug|x64.Build.0 = Debug|x64
		{8D0F33BF-2DFE-4D29-9784-E208628EBEAD}.Debug|x86.ActiveCfg = Debug|Win32
		{8D0F33BF-2DFE-4D29-9784-E208628EBEAD}.Debug|x86.Build.0 = Debug|Win32
		{8D0F33BF-2DFE-4D29-9784-E208628EBEAD}.Release|x64.ActiveCfg = Release|x64
		{8D0F33BF-2DFE-4D29-9784-E208628EBEAD}.Release|x64.Build.0 = Release|x64
		{8D0F33BF-2DFE-4D29-9784-E208628EBEAD}.Release|x86.ActiveCfg = Release|Win32
		{8D0F33BF-2DFE-4D29-9784-E208628EBEAD}.Release|x86.Build.0 = Release|Win32
		{E2A7FD30-AB0F-4CFF-9318-615698EF951C}.Debug|x64.ActiveCfg = Debug|x64
		{E2A7FD30-AB0F-4CFF-9318-615698EF951C}.Debug|x64.Build.0 = Debug|x64
		{E2A7FD30-AB0F-4CFF-9318-615698EF951C}.Debug|x86.ActiveCfg = Debug|Win32
		{E2A7FD30-AB0F-4CFF-9318-615698EF951C}.Debug|x86.Build.0 = Debug|Win32
		{E2A7FD30-AB0F-4CFF-9318-615698EF951C}.Release|x64.ActiveCfg = Release|x64
		{E2A7FD30-AB0F-4CFF-9318-615698EF951C}.Release|x64.Build.0 = Release|x64
		{E2A7FD30-AB0F-4CFF-9318-615698EF951C}.Release|x86.ActiveCfg = Release|Win32
		{E2A7FD30-AB0F-4CFF-9318-615698EF951C}.Release|x86.Build.0 = Release|Win32
	EndGlobalSection
	GlobalSection(SolutionProperties) = preSolution
		HideSolutionNode = FALSE
	EndGlobalSection
	GlobalSection(ExtensibilityGlobals) = postSolution
		SolutionGuid = {1AE7C2BF-ED6F-4802-BCC4-5ECDA103373A}
	EndGlobalSection
EndGlobal
