<?xml version="1.0" encoding="utf-8"?>
<Project ToolsVersion="4.0" xmlns="http://schemas.microsoft.com/developer/msbuild/2003">
  <ItemGroup>
    <Filter Include="源文件">
      <UniqueIdentifier>{4FC737F1-C7A5-4376-A066-2A32D752A2FF}</UniqueIdentifier>
      <Extensions>cpp;c;cc;cxx;def;odl;idl;hpj;bat;asm;asmx</Extensions>
    </Filter>
    <Filter Include="头文件">
      <UniqueIdentifier>{93995380-89BD-4b04-88EB-625FBE52EBFB}</UniqueIdentifier>
      <Extensions>h;hh;hpp;hxx;hm;inl;inc;xsd</Extensions>
    </Filter>
    <Filter Include="资源文件">
      <UniqueIdentifier>{67DA6AB6-F800-4c08-8B7A-83BB121AAD01}</UniqueIdentifier>
      <Extensions>rc;ico;cur;bmp;dlg;rc2;rct;bin;rgs;gif;jpg;jpeg;jpe;resx;tiff;tif;png;wav;mfcribbon-ms</Extensions>
    </Filter>
    <Filter Include="Zip">
      <UniqueIdentifier>{c14b255f-fa4b-4814-a6e3-fb039f629f8b}</UniqueIdentifier>
    </Filter>
    <Filter Include="Zip\include">
      <UniqueIdentifier>{4a8935bd-4774-45e5-8310-4405ac9c5827}</UniqueIdentifier>
    </Filter>
  </ItemGroup>
  <ItemGroup>
    <Text Include="ReadMe.txt" />
  </ItemGroup>
  <ItemGroup>
    <ClCompile Include="CurlClient.cpp">
      <Filter>源文件</Filter>
    </ClCompile>
    <ClCompile Include="..\ShareApi\ShareApi.cpp">
      <Filter>源文件</Filter>
    </ClCompile>
    <ClCompile Include="zlib\ioapi.c">
      <Filter>Zip</Filter>
    </ClCompile>
    <ClCompile Include="zlib\iowin32.c">
      <Filter>Zip</Filter>
    </ClCompile>
    <ClCompile Include="zlib\unzip.c">
      <Filter>Zip</Filter>
    </ClCompile>
    <ClCompile Include="zlib\zip_util.cpp">
      <Filter>Zip</Filter>
    </ClCompile>
    <ClCompile Include="zlib\dounzip.cpp">
      <Filter>Zip</Filter>
    </ClCompile>
    <ClCompile Include="..\Proxy\md5.cpp">
      <Filter>源文件</Filter>
    </ClCompile>
    <ClCompile Include="..\Proxy\cjson.c">
      <Filter>源文件</Filter>
    </ClCompile>
  </ItemGroup>
  <ItemGroup>
    <ClInclude Include="CurlClient.h">
      <Filter>头文件</Filter>
    </ClInclude>
    <ClInclude Include="zlib\ioapi.h">
      <Filter>Zip</Filter>
    </ClInclude>
    <ClInclude Include="zlib\iowin32.h">
      <Filter>Zip</Filter>
    </ClInclude>
    <ClInclude Include="zlib\unzip.h">
      <Filter>Zip</Filter>
    </ClInclude>
    <ClInclude Include="zlib\wrap_object.h">
      <Filter>Zip</Filter>
    </ClInclude>
    <ClInclude Include="zlib\zip_util.h">
      <Filter>Zip</Filter>
    </ClInclude>
    <ClInclude Include="zlib\include\zconf.h">
      <Filter>Zip\include</Filter>
    </ClInclude>
    <ClInclude Include="zlib\include\zip.h">
      <Filter>Zip\include</Filter>
    </ClInclude>
    <ClInclude Include="zlib\include\zlib.h">
      <Filter>Zip\include</Filter>
    </ClInclude>
    <ClInclude Include="dounzip.h">
      <Filter>Zip</Filter>
    </ClInclude>
  </ItemGroup>
</Project>